
Microsoft Visual Studio Solution File, Format Version 12.00
# Visual Studio Version 17
VisualStudioVersion = 17.4.33110.190
MinimumVisualStudioVersion = 10.0.40219.1
Project("{2150E333-8FDC-42A3-9474-1A3956D46DE8}") = "FrontEnd", "FrontEnd", "{2D74B0DE-F5C1-48E3-8497-895F8EBE6142}"
EndProject
Project("{2150E333-8FDC-42A3-9474-1A3956D46DE8}") = "Services", "Services", "{EED4F4E8-3AD9-4D12-9564-D58A05550637}"
EndProject
Project("{FAE04EC0-301F-11D3-BF4B-00C04F79EFBC}") = "GeekShopping.Web", "GeekShopping.Web\GeekShopping.Web.csproj", "{A6B91313-F5B7-48DA-A92A-737443AE7B3A}"
EndProject
Project("{FAE04EC0-301F-11D3-BF4B-00C04F79EFBC}") = "GeekShopping.ProductAPI", "GeekShopping.ProductAPI\GeekShopping.ProductAPI.csproj", "{695BFEE1-802E-4BED-9CCE-1C82CF11349B}"
EndProject
Global
	GlobalSection(SolutionConfigurationPlatforms) = preSolution
		Debug|Any CPU = Debug|Any CPU
		Release|Any CPU = Release|Any CPU
	EndGlobalSection
	GlobalSection(ProjectConfigurationPlatforms) = postSolution
		{A6B91313-F5B7-48DA-A92A-737443AE7B3A}.Debug|Any CPU.ActiveCfg = Debug|Any CPU
		{A6B91313-F5B7-48DA-A92A-737443AE7B3A}.Debug|Any CPU.Build.0 = Debug|Any CPU
		{A6B91313-F5B7-48DA-A92A-737443AE7B3A}.Release|Any CPU.ActiveCfg = Release|Any CPU
		{A6B91313-F5B7-48DA-A92A-737443AE7B3A}.Release|Any CPU.Build.0 = Release|Any CPU
		{695BFEE1-802E-4BED-9CCE-1C82CF11349B}.Debug|Any CPU.ActiveCfg = Debug|Any CPU
		{695BFEE1-802E-4BED-9CCE-1C82CF11349B}.Debug|Any CPU.Build.0 = Debug|Any CPU
		{695BFEE1-802E-4BED-9CCE-1C82CF11349B}.Release|Any CPU.ActiveCfg = Release|Any CPU
		{695BFEE1-802E-4BED-9CCE-1C82CF11349B}.Release|Any CPU.Build.0 = Release|Any CPU
	EndGlobalSection
	GlobalSection(SolutionProperties) = preSolution
		HideSolutionNode = FALSE
	EndGlobalSection
	GlobalSection(NestedProjects) = preSolution
		{A6B91313-F5B7-48DA-A92A-737443AE7B3A} = {2D74B0DE-F5C1-48E3-8497-895F8EBE6142}
		{695BFEE1-802E-4BED-9CCE-1C82CF11349B} = {EED4F4E8-3AD9-4D12-9564-D58A05550637}
	EndGlobalSection
	GlobalSection(ExtensibilityGlobals) = postSolution
		SolutionGuid = {2DEC3547-6168-433E-84B3-602A1DA4C6EE}
	EndGlobalSection
EndGlobal
